
Microsoft Visual Studio Solution File, Format Version 12.00
# Visual Studio Version 17
VisualStudioVersion = 17.2.32630.192
MinimumVisualStudioVersion = 10.0.40219.1
Project("{9A19103F-16F7-4668-BE54-9A1E7A4F7556}") = "R5T.D0119", "R5T.D0119\R5T.D0119.csproj", "{27BBEB23-73E4-4434-A437-02ECD723466B}"
EndProject
Project("{2150E333-8FDC-42A3-9474-1A3956D46DE8}") = "_Dependencies", "_Dependencies", "{48A21CB6-68B6-4B38-A00E-045A82E3C96A}"
EndProject
Project("{9A19103F-16F7-4668-BE54-9A1E7A4F7556}") = "R5T.T0064", "..\..\R5T.T0064\source\R5T.T0064\R5T.T0064.csproj", "{DFC2F5F3-E920-41ED-A4A0-EAC51C1E20B2}"
EndProject
Global
	GlobalSection(SolutionConfigurationPlatforms) = preSolution
		Debug|Any CPU = Debug|Any CPU
		Release|Any CPU = Release|Any CPU
	EndGlobalSection
	GlobalSection(ProjectConfigurationPlatforms) = postSolution
		{27BBEB23-73E4-4434-A437-02ECD723466B}.Debug|Any CPU.ActiveCfg = Debug|Any CPU
		{27BBEB23-73E4-4434-A437-02ECD723466B}.Debug|Any CPU.Build.0 = Debug|Any CPU
		{27BBEB23-73E4-4434-A437-02ECD723466B}.Release|Any CPU.ActiveCfg = Release|Any CPU
		{27BBEB23-73E4-4434-A437-02ECD723466B}.Release|Any CPU.Build.0 = Release|Any CPU
		{DFC2F5F3-E920-41ED-A4A0-EAC51C1E20B2}.Debug|Any CPU.ActiveCfg = Debug|Any CPU
		{DFC2F5F3-E920-41ED-A4A0-EAC51C1E20B2}.Debug|Any CPU.Build.0 = Debug|Any CPU
		{DFC2F5F3-E920-41ED-A4A0-EAC51C1E20B2}.Release|Any CPU.ActiveCfg = Release|Any CPU
		{DFC2F5F3-E920-41ED-A4A0-EAC51C1E20B2}.Release|Any CPU.Build.0 = Release|Any CPU
	EndGlobalSection
	GlobalSection(SolutionProperties) = preSolution
		HideSolutionNode = FALSE
	EndGlobalSection
	GlobalSection(NestedProjects) = preSolution
		{DFC2F5F3-E920-41ED-A4A0-EAC51C1E20B2} = {48A21CB6-68B6-4B38-A00E-045A82E3C96A}
	EndGlobalSection
	GlobalSection(ExtensibilityGlobals) = postSolution
		SolutionGuid = {79A7F5DF-481F-45FD-A7E7-F7D41EE50228}
	EndGlobalSection
EndGlobal
