
Microsoft Visual Studio Solution File, Format Version 12.00
# Visual Studio Version 17
VisualStudioVersion = 17.2.32630.192
MinimumVisualStudioVersion = 10.0.40219.1
Project("{9A19103F-16F7-4668-BE54-9A1E7A4F7556}") = "R5T.D0119", "R5T.D0119\R5T.D0119.csproj", "{27BBEB23-73E4-4434-A437-02ECD723466B}"
EndProject
Global
	GlobalSection(SolutionConfigurationPlatforms) = preSolution
		Debug|Any CPU = Debug|Any CPU
		Release|Any CPU = Release|Any CPU
	EndGlobalSection
	GlobalSection(ProjectConfigurationPlatforms) = postSolution
		{27BBEB23-73E4-4434-A437-02ECD723466B}.Debug|Any CPU.ActiveCfg = Debug|Any CPU
		{27BBEB23-73E4-4434-A437-02ECD723466B}.Debug|Any CPU.Build.0 = Debug|Any CPU
		{27BBEB23-73E4-4434-A437-02ECD723466B}.Release|Any CPU.ActiveCfg = Release|Any CPU
		{27BBEB23-73E4-4434-A437-02ECD723466B}.Release|Any CPU.Build.0 = Release|Any CPU
	EndGlobalSection
	GlobalSection(SolutionProperties) = preSolution
		HideSolutionNode = FALSE
	EndGlobalSection
	GlobalSection(ExtensibilityGlobals) = postSolution
		SolutionGuid = {79A7F5DF-481F-45FD-A7E7-F7D41EE50228}
	EndGlobalSection
EndGlobal
